
Microsoft Visual Studio Solution File, Format Version 12.00
# Visual Studio 15
VisualStudioVersion = 15.0.26124.0
MinimumVisualStudioVersion = 15.0.26124.0
Project("{FAE04EC0-301F-11D3-BF4B-00C04F79EFBC}") = "IrenioStadium.Domain", "IrenioStadium.Domain\IrenioStadium.Domain.csproj", "{E114D9DC-9DCE-4957-87E5-A0DD3B3900FE}"
EndProject
Project("{FAE04EC0-301F-11D3-BF4B-00C04F79EFBC}") = "IrenioStadium.Infra", "IrenioStadium.Infra\IrenioStadium.Infra.csproj", "{F43CA1EA-2DBD-47FE-9FBB-2EE12D2BA0F2}"
EndProject
Project("{FAE04EC0-301F-11D3-BF4B-00C04F79EFBC}") = "IrenioStadium.ApplicationService", "IrenioStadium.ApplicationService\IrenioStadium.ApplicationService.csproj", "{221F83E7-D304-4E5E-B88D-21B9ABA712D2}"
EndProject
Project("{FAE04EC0-301F-11D3-BF4B-00C04F79EFBC}") = "IrenioStadium.Api", "IrenioStadium.Api\IrenioStadium.Api.csproj", "{04DE730B-F3C0-4B30-A2C2-C77BF14802F6}"
EndProject
Global
	GlobalSection(SolutionConfigurationPlatforms) = preSolution
		Debug|Any CPU = Debug|Any CPU
		Debug|x64 = Debug|x64
		Debug|x86 = Debug|x86
		Release|Any CPU = Release|Any CPU
		Release|x64 = Release|x64
		Release|x86 = Release|x86
	EndGlobalSection
	GlobalSection(SolutionProperties) = preSolution
		HideSolutionNode = FALSE
	EndGlobalSection
	GlobalSection(ProjectConfigurationPlatforms) = postSolution
		{8188FB8C-0D5B-4069-AF54-CE6DFC4DD5D1}.Debug|Any CPU.ActiveCfg = Debug|Any CPU
		{8188FB8C-0D5B-4069-AF54-CE6DFC4DD5D1}.Debug|Any CPU.Build.0 = Debug|Any CPU
		{8188FB8C-0D5B-4069-AF54-CE6DFC4DD5D1}.Debug|x64.ActiveCfg = Debug|Any CPU
		{8188FB8C-0D5B-4069-AF54-CE6DFC4DD5D1}.Debug|x64.Build.0 = Debug|Any CPU
		{8188FB8C-0D5B-4069-AF54-CE6DFC4DD5D1}.Debug|x86.ActiveCfg = Debug|Any CPU
		{8188FB8C-0D5B-4069-AF54-CE6DFC4DD5D1}.Debug|x86.Build.0 = Debug|Any CPU
		{8188FB8C-0D5B-4069-AF54-CE6DFC4DD5D1}.Release|Any CPU.ActiveCfg = Release|Any CPU
		{8188FB8C-0D5B-4069-AF54-CE6DFC4DD5D1}.Release|Any CPU.Build.0 = Release|Any CPU
		{8188FB8C-0D5B-4069-AF54-CE6DFC4DD5D1}.Release|x64.ActiveCfg = Release|Any CPU
		{8188FB8C-0D5B-4069-AF54-CE6DFC4DD5D1}.Release|x64.Build.0 = Release|Any CPU
		{8188FB8C-0D5B-4069-AF54-CE6DFC4DD5D1}.Release|x86.ActiveCfg = Release|Any CPU
		{8188FB8C-0D5B-4069-AF54-CE6DFC4DD5D1}.Release|x86.Build.0 = Release|Any CPU
		{6FDF3279-3619-4686-B18D-E1F04C6A2986}.Debug|Any CPU.ActiveCfg = Debug|Any CPU
		{6FDF3279-3619-4686-B18D-E1F04C6A2986}.Debug|Any CPU.Build.0 = Debug|Any CPU
		{6FDF3279-3619-4686-B18D-E1F04C6A2986}.Debug|x64.ActiveCfg = Debug|Any CPU
		{6FDF3279-3619-4686-B18D-E1F04C6A2986}.Debug|x64.Build.0 = Debug|Any CPU
		{6FDF3279-3619-4686-B18D-E1F04C6A2986}.Debug|x86.ActiveCfg = Debug|Any CPU
		{6FDF3279-3619-4686-B18D-E1F04C6A2986}.Debug|x86.Build.0 = Debug|Any CPU
		{6FDF3279-3619-4686-B18D-E1F04C6A2986}.Release|Any CPU.ActiveCfg = Release|Any CPU
		{6FDF3279-3619-4686-B18D-E1F04C6A2986}.Release|Any CPU.Build.0 = Release|Any CPU
		{6FDF3279-3619-4686-B18D-E1F04C6A2986}.Release|x64.ActiveCfg = Release|Any CPU
		{6FDF3279-3619-4686-B18D-E1F04C6A2986}.Release|x64.Build.0 = Release|Any CPU
		{6FDF3279-3619-4686-B18D-E1F04C6A2986}.Release|x86.ActiveCfg = Release|Any CPU
		{6FDF3279-3619-4686-B18D-E1F04C6A2986}.Release|x86.Build.0 = Release|Any CPU
		{C36DAFD8-88D1-4338-8CA0-5C6560829311}.Debug|Any CPU.ActiveCfg = Debug|Any CPU
		{C36DAFD8-88D1-4338-8CA0-5C6560829311}.Debug|Any CPU.Build.0 = Debug|Any CPU
		{C36DAFD8-88D1-4338-8CA0-5C6560829311}.Debug|x64.ActiveCfg = Debug|Any CPU
		{C36DAFD8-88D1-4338-8CA0-5C6560829311}.Debug|x64.Build.0 = Debug|Any CPU
		{C36DAFD8-88D1-4338-8CA0-5C6560829311}.Debug|x86.ActiveCfg = Debug|Any CPU
		{C36DAFD8-88D1-4338-8CA0-5C6560829311}.Debug|x86.Build.0 = Debug|Any CPU
		{C36DAFD8-88D1-4338-8CA0-5C6560829311}.Release|Any CPU.ActiveCfg = Release|Any CPU
		{C36DAFD8-88D1-4338-8CA0-5C6560829311}.Release|Any CPU.Build.0 = Release|Any CPU
		{C36DAFD8-88D1-4338-8CA0-5C6560829311}.Release|x64.ActiveCfg = Release|Any CPU
		{C36DAFD8-88D1-4338-8CA0-5C6560829311}.Release|x64.Build.0 = Release|Any CPU
		{C36DAFD8-88D1-4338-8CA0-5C6560829311}.Release|x86.ActiveCfg = Release|Any CPU
		{C36DAFD8-88D1-4338-8CA0-5C6560829311}.Release|x86.Build.0 = Release|Any CPU
		{8B71D464-2E86-494B-96FA-E72732FEDE90}.Debug|Any CPU.ActiveCfg = Debug|Any CPU
		{8B71D464-2E86-494B-96FA-E72732FEDE90}.Debug|Any CPU.Build.0 = Debug|Any CPU
		{8B71D464-2E86-494B-96FA-E72732FEDE90}.Debug|x64.ActiveCfg = Debug|Any CPU
		{8B71D464-2E86-494B-96FA-E72732FEDE90}.Debug|x64.Build.0 = Debug|Any CPU
		{8B71D464-2E86-494B-96FA-E72732FEDE90}.Debug|x86.ActiveCfg = Debug|Any CPU
		{8B71D464-2E86-494B-96FA-E72732FEDE90}.Debug|x86.Build.0 = Debug|Any CPU
		{8B71D464-2E86-494B-96FA-E72732FEDE90}.Release|Any CPU.ActiveCfg = Release|Any CPU
		{8B71D464-2E86-494B-96FA-E72732FEDE90}.Release|Any CPU.Build.0 = Release|Any CPU
		{8B71D464-2E86-494B-96FA-E72732FEDE90}.Release|x64.ActiveCfg = Release|Any CPU
		{8B71D464-2E86-494B-96FA-E72732FEDE90}.Release|x64.Build.0 = Release|Any CPU
		{8B71D464-2E86-494B-96FA-E72732FEDE90}.Release|x86.ActiveCfg = Release|Any CPU
		{8B71D464-2E86-494B-96FA-E72732FEDE90}.Release|x86.Build.0 = Release|Any CPU
		{E114D9DC-9DCE-4957-87E5-A0DD3B3900FE}.Debug|Any CPU.ActiveCfg = Debug|Any CPU
		{E114D9DC-9DCE-4957-87E5-A0DD3B3900FE}.Debug|Any CPU.Build.0 = Debug|Any CPU
		{E114D9DC-9DCE-4957-87E5-A0DD3B3900FE}.Debug|x64.ActiveCfg = Debug|Any CPU
		{E114D9DC-9DCE-4957-87E5-A0DD3B3900FE}.Debug|x64.Build.0 = Debug|Any CPU
		{E114D9DC-9DCE-4957-87E5-A0DD3B3900FE}.Debug|x86.ActiveCfg = Debug|Any CPU
		{E114D9DC-9DCE-4957-87E5-A0DD3B3900FE}.Debug|x86.Build.0 = Debug|Any CPU
		{E114D9DC-9DCE-4957-87E5-A0DD3B3900FE}.Release|Any CPU.ActiveCfg = Release|Any CPU
		{E114D9DC-9DCE-4957-87E5-A0DD3B3900FE}.Release|Any CPU.Build.0 = Release|Any CPU
		{E114D9DC-9DCE-4957-87E5-A0DD3B3900FE}.Release|x64.ActiveCfg = Release|Any CPU
		{E114D9DC-9DCE-4957-87E5-A0DD3B3900FE}.Release|x64.Build.0 = Release|Any CPU
		{E114D9DC-9DCE-4957-87E5-A0DD3B3900FE}.Release|x86.ActiveCfg = Release|Any CPU
		{E114D9DC-9DCE-4957-87E5-A0DD3B3900FE}.Release|x86.Build.0 = Release|Any CPU
		{F43CA1EA-2DBD-47FE-9FBB-2EE12D2BA0F2}.Debug|Any CPU.ActiveCfg = Debug|Any CPU
		{F43CA1EA-2DBD-47FE-9FBB-2EE12D2BA0F2}.Debug|Any CPU.Build.0 = Debug|Any CPU
		{F43CA1EA-2DBD-47FE-9FBB-2EE12D2BA0F2}.Debug|x64.ActiveCfg = Debug|Any CPU
		{F43CA1EA-2DBD-47FE-9FBB-2EE12D2BA0F2}.Debug|x64.Build.0 = Debug|Any CPU
		{F43CA1EA-2DBD-47FE-9FBB-2EE12D2BA0F2}.Debug|x86.ActiveCfg = Debug|Any CPU
		{F43CA1EA-2DBD-47FE-9FBB-2EE12D2BA0F2}.Debug|x86.Build.0 = Debug|Any CPU
		{F43CA1EA-2DBD-47FE-9FBB-2EE12D2BA0F2}.Release|Any CPU.ActiveCfg = Release|Any CPU
		{F43CA1EA-2DBD-47FE-9FBB-2EE12D2BA0F2}.Release|Any CPU.Build.0 = Release|Any CPU
		{F43CA1EA-2DBD-47FE-9FBB-2EE12D2BA0F2}.Release|x64.ActiveCfg = Release|Any CPU
		{F43CA1EA-2DBD-47FE-9FBB-2EE12D2BA0F2}.Release|x64.Build.0 = Release|Any CPU
		{F43CA1EA-2DBD-47FE-9FBB-2EE12D2BA0F2}.Release|x86.ActiveCfg = Release|Any CPU
		{F43CA1EA-2DBD-47FE-9FBB-2EE12D2BA0F2}.Release|x86.Build.0 = Release|Any CPU
		{221F83E7-D304-4E5E-B88D-21B9ABA712D2}.Debug|Any CPU.ActiveCfg = Debug|Any CPU
		{221F83E7-D304-4E5E-B88D-21B9ABA712D2}.Debug|Any CPU.Build.0 = Debug|Any CPU
		{221F83E7-D304-4E5E-B88D-21B9ABA712D2}.Debug|x64.ActiveCfg = Debug|Any CPU
		{221F83E7-D304-4E5E-B88D-21B9ABA712D2}.Debug|x64.Build.0 = Debug|Any CPU
		{221F83E7-D304-4E5E-B88D-21B9ABA712D2}.Debug|x86.ActiveCfg = Debug|Any CPU
		{221F83E7-D304-4E5E-B88D-21B9ABA712D2}.Debug|x86.Build.0 = Debug|Any CPU
		{221F83E7-D304-4E5E-B88D-21B9ABA712D2}.Release|Any CPU.ActiveCfg = Release|Any CPU
		{221F83E7-D304-4E5E-B88D-21B9ABA712D2}.Release|Any CPU.Build.0 = Release|Any CPU
		{221F83E7-D304-4E5E-B88D-21B9ABA712D2}.Release|x64.ActiveCfg = Release|Any CPU
		{221F83E7-D304-4E5E-B88D-21B9ABA712D2}.Release|x64.Build.0 = Release|Any CPU
		{221F83E7-D304-4E5E-B88D-21B9ABA712D2}.Release|x86.ActiveCfg = Release|Any CPU
		{221F83E7-D304-4E5E-B88D-21B9ABA712D2}.Release|x86.Build.0 = Release|Any CPU
		{04DE730B-F3C0-4B30-A2C2-C77BF14802F6}.Debug|Any CPU.ActiveCfg = Debug|Any CPU
		{04DE730B-F3C0-4B30-A2C2-C77BF14802F6}.Debug|Any CPU.Build.0 = Debug|Any CPU
		{04DE730B-F3C0-4B30-A2C2-C77BF14802F6}.Debug|x64.ActiveCfg = Debug|Any CPU
		{04DE730B-F3C0-4B30-A2C2-C77BF14802F6}.Debug|x64.Build.0 = Debug|Any CPU
		{04DE730B-F3C0-4B30-A2C2-C77BF14802F6}.Debug|x86.ActiveCfg = Debug|Any CPU
		{04DE730B-F3C0-4B30-A2C2-C77BF14802F6}.Debug|x86.Build.0 = Debug|Any CPU
		{04DE730B-F3C0-4B30-A2C2-C77BF14802F6}.Release|Any CPU.ActiveCfg = Release|Any CPU
		{04DE730B-F3C0-4B30-A2C2-C77BF14802F6}.Release|Any CPU.Build.0 = Release|Any CPU
		{04DE730B-F3C0-4B30-A2C2-C77BF14802F6}.Release|x64.ActiveCfg = Release|Any CPU
		{04DE730B-F3C0-4B30-A2C2-C77BF14802F6}.Release|x64.Build.0 = Release|Any CPU
		{04DE730B-F3C0-4B30-A2C2-C77BF14802F6}.Release|x86.ActiveCfg = Release|Any CPU
		{04DE730B-F3C0-4B30-A2C2-C77BF14802F6}.Release|x86.Build.0 = Release|Any CPU
	EndGlobalSection
EndGlobal
